version = 1
revision = 3
requires-python = ">=3.14"
resolution-markers = [
    "sys_platform == 'win32'",
    "sys_platform == 'emscripten'",
    "sys_platform != 'emscripten' and sys_platform != 'win32'",
]

[[package]]
name = "anyio"
version = "4.12.1"
source = { registry = "https://pypi.org/simple" }
dependencies = [
    { name = "idna" },
]
sdist = { url = "https://files.pythonhosted.org/packages/96/f0/5eb65b2bb0d09ac6776f2eb54adee6abe8228ea05b20a5ad0e4945de8aac/anyio-4.12.1.tar.gz", hash = "sha256:41cfcc3a4c85d3f05c932da7c26d0201ac36f72abd4435ba90d0464a3ffed703", size = 228685, upload-time = "2026-01-06T11:45:21.246Z" }
wheels = [
    { url = "https://files.pythonhosted.org/packages/38/0e/27be9fdef66e72d64c0cdc3cc2823101b80585f8119b5c112c2e8f5f7dab/anyio-4.12.1-py3-none-any.whl", hash = "sha256:d405828884fc140aa80a3c667b8beed277f1dfedec42ba031bd6ac3db606ab6c", size = 113592, upload-time = "2026-01-06T11:45:19.497Z" },
]

[[package]]
name = "certifi"
version = "2026.1.4"
source = { registry = "https://pypi.org/simple" }
sdist = { url = "https://files.pythonhosted.org/packages/e0/2d/a891ca51311197f6ad14a7ef42e2399f36cf2f9bd44752b3dc4eab60fdc5/certifi-2026.1.4.tar.gz", hash = "sha256:ac726dd470482006e014ad384921ed6438c457018f4b3d204aea4281258b2120", size = 154268, upload-time = "2026-01-04T02:42:41.825Z" }
wheels = [
    { url = "https://files.pythonhosted.org/packages/e6/ad/3cc14f097111b4de0040c83a525973216457bbeeb63739ef1ed275c1c021/certifi-2026.1.4-py3-none-any.whl", hash = "sha256:9943707519e4add1115f44c2bc244f782c0249876bf51b6599fee1ffbedd685c", size = 152900, upload-time = "2026-01-04T02:42:40.15Z" },
]

[[package]]
name = "gmqtt"
version = "0.7.0"
source = { registry = "https://pypi.org/simple" }
sdist = { url = "https://files.pythonhosted.org/packages/21/70/73ec54da16079da319b035af48b908204f9629ecd1187720d11799ac35d8/gmqtt-0.7.0.tar.gz", hash = "sha256:bedfec7bac26b6b4ce1f0c4c32cff3d663526a54c882d323d41560fc3b9b44a2", size = 27663, upload-time = "2024-11-22T13:13:48.679Z" }
wheels = [
    { url = "https://files.pythonhosted.org/packages/3e/2f/63922e256799a74b0e1fb1c12e98dc435edf1ddaa7e31eaadc60cbd16593/gmqtt-0.7.0-py3-none-any.whl", hash = "sha256:3e5571a20e9c115d83d600caa228b06f716087653e241035e29cec73277b52cc", size = 30688, upload-time = "2024-11-22T13:13:46.479Z" },
]

[[package]]
name = "h11"
version = "0.16.0"
source = { registry = "https://pypi.org/simple" }
sdist = { url = "https://files.pythonhosted.org/packages/01/ee/02a2c011bdab74c6fb3c75474d40b3052059d95df7e73351460c8588d963/h11-0.16.0.tar.gz", hash = "sha256:4e35b956cf45792e4caa5885e69fba00bdbc6ffafbfa020300e549b208ee5ff1", size = 101250, upload-time = "2025-04-24T03:35:25.427Z" }
wheels = [
    { url = "https://files.pythonhosted.org/packages/04/4b/29cac41a4d98d144bf5f6d33995617b185d14b22401f75ca86f384e87ff1/h11-0.16.0-py3-none-any.whl", hash = "sha256:63cf8bbe7522de3bf65932fda1d9c2772064ffb3dae62d55932da54b31cb6c86", size = 37515, upload-time = "2025-04-24T03:35:24.344Z" },
]

[[package]]
name = "httpcore"
version = "1.0.9"
source = { registry = "https://pypi.org/simple" }
dependencies = [
    { name = "certifi" },
    { name = "h11" },
]
sdist = { url = "https://files.pythonhosted.org/packages/06/94/82699a10bca87a5556c9c59b5963f2d039dbd239f25bc2a63907a05a14cb/httpcore-1.0.9.tar.gz", hash = "sha256:6e34463af53fd2ab5d807f399a9b45ea31c3dfa2276f15a2c3f00afff6e176e8", size = 85484, upload-time = "2025-04-24T22:06:22.219Z" }
wheels = [
    { url = "https://files.pythonhosted.org/packages/7e/f5/f66802a942d491edb555dd61e3a9961140fd64c90bce1eafd741609d334d/httpcore-1.0.9-py3-none-any.whl", hash = "sha256:2d400746a40668fc9dec9810239072b40b4484b640a8c38fd654a024c7a1bf55", size = 78784, upload-time = "2025-04-24T22:06:20.566Z" },
]

[package.optional-dependencies]
asyncio = [
    { name = "anyio" },
]

[[package]]
name = "idna"
version = "3.11"
source = { registry = "https://pypi.org/simple" }
sdist = { url = "https://files.pythonhosted.org/packages/6f/6d/0703ccc57f3a7233505399edb88de3cbd678da106337b9fcde432b65ed60/idna-3.11.tar.gz", hash = "sha256:795dafcc9c04ed0c1fb032c2aa73654d8e8c5023a7df64a53f39190ada629902", size = 194582, upload-time = "2025-10-12T14:55:20.501Z" }
wheels = [
    { url = "https://files.pythonhosted.org/packages/0e/61/66938bbb5fc52dbdf84594873d5b51fb1f7c7794e9c0f5bd885f30bc507b/idna-3.11-py3-none-any.whl", hash = "sha256:771a87f49d9defaf64091e6e6fe9c18d4833f140bd19464795bc32d966ca37ea", size = 71008, upload-time = "2025-10-12T14:55:18.883Z" },
]

[[package]]
name = "json2mqtt"
version = "1.0.19"
source = { virtual = "." }
dependencies = [
    { name = "gmqtt" },
    { name = "httpcore", extra = ["asyncio"] },
    { name = "pyyaml" },
    { name = "selectolax" },
]

[package.metadata]
requires-dist = [
    { name = "gmqtt", specifier = "==0.7.0" },
    { name = "httpcore", extras = ["asyncio"], specifier = "==1.0.9" },
    { name = "pyyaml", specifier = "==6.0.3" },
    { name = "selectolax", specifier = "==0.4.13" },
]

[[package]]
name = "pyyaml"
version = "6.0.3"
source = { registry = "https://pypi.org/simple" }
sdist = { url = "https://files.pythonhosted.org/packages/05/8e/961c0007c59b8dd7729d542c61a4d537767a59645b82a0b521206e1e25c2/pyyaml-6.0.3.tar.gz", hash = "sha256:d76623373421df22fb4cf8817020cbb7ef15c725b9d5e45f17e189bfc384190f", size = 130960, upload-time = "2025-09-25T21:33:16.546Z" }
wheels = [
    { url = "https://files.pythonhosted.org/packages/9d/8c/f4bd7f6465179953d3ac9bc44ac1a8a3e6122cf8ada906b4f96c60172d43/pyyaml-6.0.3-cp314-cp314-macosx_10_13_x86_64.whl", hash = "sha256:8d1fab6bb153a416f9aeb4b8763bc0f22a5586065f86f7664fc23339fc1c1fac", size = 181814, upload-time = "2025-09-25T21:32:35.712Z" },
    { url = "https://files.pythonhosted.org/packages/bd/9c/4d95bb87eb2063d20db7b60faa3840c1b18025517ae857371c4dd55a6b3a/pyyaml-6.0.3-cp314-cp314-macosx_11_0_arm64.whl", hash = "sha256:34d5fcd24b8445fadc33f9cf348c1047101756fd760b4dacb5c3e99755703310", size = 173809, upload-time = "2025-09-25T21:32:36.789Z" },
    { url = "https://files.pythonhosted.org/packages/92/b5/47e807c2623074914e29dabd16cbbdd4bf5e9b2db9f8090fa64411fc5382/pyyaml-6.0.3-cp314-cp314-manylinux2014_aarch64.manylinux_2_17_aarch64.manylinux_2_28_aarch64.whl", hash = "sha256:501a031947e3a9025ed4405a168e6ef5ae3126c59f90ce0cd6f2bfc477be31b7", size = 766454, upload-time = "2025-09-25T21:32:37.966Z" },
    { url = "https://files.pythonhosted.org/packages/02/9e/e5e9b168be58564121efb3de6859c452fccde0ab093d8438905899a3a483/pyyaml-6.0.3-cp314-cp314-manylinux2014_s390x.manylinux_2_17_s390x.manylinux_2_28_s390x.whl", hash = "sha256:b3bc83488de33889877a0f2543ade9f70c67d66d9ebb4ac959502e12de895788", size = 836355, upload-time = "2025-09-25T21:32:39.178Z" },
    { url = "https://files.pythonhosted.org/packages/88/f9/16491d7ed2a919954993e48aa941b200f38040928474c9e85ea9e64222c3/pyyaml-6.0.3-cp314-cp314-manylinux2014_x86_64.manylinux_2_17_x86_64.manylinux_2_28_x86_64.whl", hash = "sha256:c458b6d084f9b935061bc36216e8a69a7e293a2f1e68bf956dcd9e6cbcd143f5", size = 794175, upload-time = "2025-09-25T21:32:40.865Z" },
    { url = "https://files.pythonhosted.org/packages/dd/3f/5989debef34dc6397317802b527dbbafb2b4760878a53d4166579111411e/pyyaml-6.0.3-cp314-cp314-musllinux_1_2_aarch64.whl", hash = "sha256:7c6610def4f163542a622a73fb39f534f8c101d690126992300bf3207eab9764", size = 755228, upload-time = "2025-09-25T21:32:42.084Z" },
    { url = "https://files.pythonhosted.org/packages/d7/ce/af88a49043cd2e265be63d083fc75b27b6ed062f5f9fd6cdc223ad62f03e/pyyaml-6.0.3-cp314-cp314-musllinux_1_2_x86_64.whl", hash = "sha256:5190d403f121660ce8d1d2c1bb2ef1bd05b5f68533fc5c2ea899bd15f4399b35", size = 789194, upload-time = "2025-09-25T21:32:43.362Z" },
    { url = "https://files.pythonhosted.org/packages/23/20/bb6982b26a40bb43951265ba29d4c246ef0ff59c9fdcdf0ed04e0687de4d/pyyaml-6.0.3-cp314-cp314-win_amd64.whl", hash = "sha256:4a2e8cebe2ff6ab7d1050ecd59c25d4c8bd7e6f400f5f82b96557ac0abafd0ac", size = 156429, upload-time = "2025-09-25T21:32:57.844Z" },
    { url = "https://files.pythonhosted.org/packages/f4/f4/a4541072bb9422c8a883ab55255f918fa378ecf083f5b85e87fc2b4eda1b/pyyaml-6.0.3-cp314-cp314-win_arm64.whl", hash = "sha256:93dda82c9c22deb0a405ea4dc5f2d0cda384168e466364dec6255b293923b2f3", size = 143912, upload-time = "2025-09-25T21:32:59.247Z" },
    { url = "https://files.pythonhosted.org/packages/7c/f9/07dd09ae774e4616edf6cda684ee78f97777bdd15847253637a6f052a62f/pyyaml-6.0.3-cp314-cp314t-macosx_10_13_x86_64.whl", hash = "sha256:02893d100e99e03eda1c8fd5c441d8c60103fd175728e23e431db1b589cf5ab3", size = 189108, upload-time = "2025-09-25T21:32:44.377Z" },
    { url = "https://files.pythonhosted.org/packages/4e/78/8d08c9fb7ce09ad8c38ad533c1191cf27f7ae1effe5bb9400a46d9437fcf/pyyaml-6.0.3-cp314-cp314t-macosx_11_0_arm64.whl", hash = "sha256:c1ff362665ae507275af2853520967820d9124984e0f7466736aea23d8611fba", size = 183641, upload-time = "2025-09-25T21:32:45.407Z" },
    { url = "https://files.pythonhosted.org/packages/7b/5b/3babb19104a46945cf816d047db2788bcaf8c94527a805610b0289a01c6b/pyyaml-6.0.3-cp314-cp314t-manylinux2014_aarch64.manylinux_2_17_aarch64.manylinux_2_28_aarch64.whl", hash = "sha256:6adc77889b628398debc7b65c073bcb99c4a0237b248cacaf3fe8a557563ef6c", size = 831901, upload-time = "2025-09-25T21:32:48.83Z" },
    { url = "https://files.pythonhosted.org/packages/8b/cc/dff0684d8dc44da4d22a13f35f073d558c268780ce3c6ba1b87055bb0b87/pyyaml-6.0.3-cp314-cp314t-manylinux2014_s390x.manylinux_2_17_s390x.manylinux_2_28_s390x.whl", hash = "sha256:a80cb027f6b349846a3bf6d73b5e95e782175e52f22108cfa17876aaeff93702", size = 861132, upload-time = "2025-09-25T21:32:50.149Z" },
    { url = "https://files.pythonhosted.org/packages/b1/5e/f77dc6b9036943e285ba76b49e118d9ea929885becb0a29ba8a7c75e29fe/pyyaml-6.0.3-cp314-cp314t-manylinux2014_x86_64.manylinux_2_17_x86_64.manylinux_2_28_x86_64.whl", hash = "sha256:00c4bdeba853cc34e7dd471f16b4114f4162dc03e6b7afcc2128711f0eca823c", size = 839261, upload-time = "2025-09-25T21:32:51.808Z" },
    { url = "https://files.pythonhosted.org/packages/ce/88/a9db1376aa2a228197c58b37302f284b5617f56a5d959fd1763fb1675ce6/pyyaml-6.0.3-cp314-cp314t-musllinux_1_2_aarch64.whl", hash = "sha256:66e1674c3ef6f541c35191caae2d429b967b99e02040f5ba928632d9a7f0f065", size = 805272, upload-time = "2025-09-25T21:32:52.941Z" },
    { url = "https://files.pythonhosted.org/packages/da/92/1446574745d74df0c92e6aa4a7b0b3130706a4142b2d1a5869f2eaa423c6/pyyaml-6.0.3-cp314-cp314t-musllinux_1_2_x86_64.whl", hash = "sha256:16249ee61e95f858e83976573de0f5b2893b3677ba71c9dd36b9cf8be9ac6d65", size = 829923, upload-time = "2025-09-25T21:32:54.537Z" },
    { url = "https://files.pythonhosted.org/packages/f0/7a/1c7270340330e575b92f397352af856a8c06f230aa3e76f86b39d01b416a/pyyaml-6.0.3-cp314-cp314t-win_amd64.whl", hash = "sha256:4ad1906908f2f5ae4e5a8ddfce73c320c2a1429ec52eafd27138b7f1cbe341c9", size = 174062, upload-time = "2025-09-25T21:32:55.767Z" },
    { url = "https://files.pythonhosted.org/packages/f1/12/de94a39c2ef588c7e6455cfbe7343d3b2dc9d6b6b2f40c4c6565744c873d/pyyaml-6.0.3-cp314-cp314t-win_arm64.whl", hash = "sha256:ebc55a14a21cb14062aa4162f906cd962b28e2e9ea38f9b4391244cd8de4ae0b", size = 149341, upload-time = "2025-09-25T21:32:56.828Z" },
]

[[package]]
name = "selectolax"
version = "0.4.13"
source = { registry = "https://pypi.org/simple" }
sdist = { url = "https://files.pythonhosted.org/packages/49/3a/3c56859df452fddb6d94d30ff8b6b19088a09b542a01f211cd147ccca39a/selectolax-0.4.13.tar.gz", hash = "sha256:261116b1b13efbec5cc0252baeca3a85098e96ef5c088bf3ef8cfbe15d3a8ea3", size = 4942298, upload-time = "2026-09-29T08:44:33.306Z" }
wheels = [
    { url = "https://files.pythonhosted.org/packages/04/84/08f2854017225299ad241a7fb4411adfb9d6948c2a093860902b164ca064/selectolax-0.4.13-cp314-cp314-macosx_10_13_x86_64.whl", hash = "sha256:9d3933d01055822cafa174c869ba58bd54bd5ddcbaaca919d2c791c12b10fc0e", size = 2339074, upload-time = "2026-09-29T08:43:50.833Z" },
    { url = "https://files.pythonhosted.org/packages/83/3b/98e192e76ef958527aaeb20cdd923ac99ec91fe84e577389bcfc35e8d63a/selectolax-0.4.13-cp314-cp314-macosx_11_0_arm64.whl", hash = "sha256:b810c979aa06b98f04773c39cb93def57dfbb7bdcae642e741dd68082d07d4e1", size = 2386106, upload-time = "2026-09-29T08:43:52.22Z" },
    { url = "https://files.pythonhosted.org/packages/4d/16/40e61fd7940be879e3df342d55a36a5a3f8c40932ea6a0d0e4a32d962bbf/selectolax-0.4.13-cp314-cp314-manylinux2014_aarch64.manylinux_2_17_aarch64.manylinux_2_28_aarch64.whl", hash = "sha256:04675e7f1e98b04e42d92593f7522f13f590783f824f275aa9e63b6463291756", size = 2452253, upload-time = "2026-09-29T08:43:53.664Z" },
    { url = "https://files.pythonhosted.org/packages/22/3d/6bed2320f5ba49bcac5d918203b07e6be2f074168f791ebf842ce3c32053/selectolax-0.4.13-cp314-cp314-manylinux2014_x86_64.manylinux_2_17_x86_64.manylinux_2_28_x86_64.whl", hash = "sha256:67f86f7e9ddbc025a061e7f80a812deb90f4259400d49ac05eca81430a39d4a0", size = 2498832, upload-time = "2026-09-29T08:43:55.394Z" },
    { url = "https://files.pythonhosted.org/packages/48/ef/e30080c5eddb1a31c5ab48db743a1191115ab7209436459664f081e419d8/selectolax-0.4.13-cp314-cp314-musllinux_1_2_aarch64.whl", hash = "sha256:b5c8763ee56adfda768bf574c15d7a2778b8ff167f602b5092e4bdd7cf2c34f5", size = 2477642, upload-time = "2026-09-29T08:43:57.213Z" },
    { url = "https://files.pythonhosted.org/packages/63/1d/8e42bfde37bef96ea368c4ba5333a24b659ab5cc25614a1c578b0670db2b/selectolax-0.4.13-cp314-cp314-musllinux_1_2_x86_64.whl", hash = "sha256:e98171330ea092d84c59fdaa67e2e41e46644eba06076c2dcce050d34a1d2f75", size = 2540847, upload-time = "2026-09-29T08:43:58.886Z" },
    { url = "https://files.pythonhosted.org/packages/00/58/26c1c64807d416b35e66a0c23c5253c36ad6420b294f9c74c91c0977e396/selectolax-0.4.13-cp314-cp314-win32.whl", hash = "sha256:babcfc1e13087c619d541c4ab350b04e3c84b95d5b33164f26b8efe0e8a458d4", size = 1937083, upload-time = "2026-09-29T08:44:00.765Z" },
    { url = "https://files.pythonhosted.org/packages/7c/30/8c814ae00dbb121443e820ac385c1fd74320e501703d7c1780180f458503/selectolax-0.4.13-cp314-cp314-win_amd64.whl", hash = "sha256:da10791bd3362ce9cfae525d01953b75676e239ae1d7ee08b1f843455a5721cd", size = 2058246, upload-time = "2026-09-29T08:44:02.483Z" },
    { url = "https://files.pythonhosted.org/packages/7f/21/18388afd305f09e4d3473268053b188d8517adf02649b71093fba44897b8/selectolax-0.4.13-cp314-cp314-win_arm64.whl", hash = "sha256:1e7e36d58e069820a02a7130576fd028f2de71a9f52e1f2ce8fd13f443a1c063", size = 2023160, upload-time = "2026-09-29T08:44:04.117Z" },
    { url = "https://files.pythonhosted.org/packages/33/51/a2920e416d4ca11c2b2d39d107fb328a4ba7d129fba0ad9e7f65b4b6d4ca/selectolax-0.4.13-cp314-cp314t-macosx_10_13_x86_64.whl", hash = "sha256:4785e8601afb79b1ebffbef27ac18eacf2d2c68efaec83a0384c115a329d2b35", size = 2355134, upload-time = "2026-09-29T08:44:05.7Z" },
    { url = "https://files.pythonhosted.org/packages/b8/77/50cea9d2f32786efe350e98418af6b40c07cfa19f18e5c967eb0bc22b5a7/selectolax-0.4.13-cp314-cp314t-macosx_11_0_arm64.whl", hash = "sha256:0d8f3635eaae0948fc34aec3f4a62902ca4cd4c3983d32b0f50b56a0b36f572d", size = 2402497, upload-time = "2026-09-29T08:44:07.289Z" },
    { url = "https://files.pythonhosted.org/packages/67/50/a9825734a9a0e3ae941ba86f6ae82916e5df6494f06366ab59e452fc2c25/selectolax-0.4.13-cp314-cp314t-manylinux2014_aarch64.manylinux_2_17_aarch64.manylinux_2_28_aarch64.whl", hash = "sha256:ea24b2e81f0bcb914d22d58d3b169e043de158c60de89b9780d538e74920ba52", size = 2461350, upload-time = "2026-09-29T08:44:08.784Z" },
    { url = "https://files.pythonhosted.org/packages/87/ee/087019c49442c6b04aab4dc1330f70416ced5d72933a8a3a0cd35e81f049/selectolax-0.4.13-cp314-cp314t-manylinux2014_x86_64.manylinux_2_17_x86_64.manylinux_2_28_x86_64.whl", hash = "sha256:b44ce0eb9c041589402adbe85c9920db1b3a46d31b40e78bd30deb125448b50c", size = 2515221, upload-time = "2026-09-29T08:44:10.35Z" },
    { url = "https://files.pythonhosted.org/packages/40/4d/daba016c2fcade03d79002d0f08018ed3b80955af7597bd45f4e1a189194/selectolax-0.4.13-cp314-cp314t-musllinux_1_2_aarch64.whl", hash = "sha256:3ea50f9c49ddd6717b6fef7df330a7df52c801a0e70120512058b6d7c7a60955", size = 2489366, upload-time = "2026-09-29T08:44:11.92Z" },
    { url = "https://files.pythonhosted.org/packages/08/2a/6ee59fa5d1307a304368790e24c7cbfe71749a997b687a83b9183770d081/selectolax-0.4.13-cp314-cp314t-musllinux_1_2_x86_64.whl", hash = "sha256:2e4f7fb582c9692964020d28f2c8e60327cfdc6d589c7a7dd49e36cfb493e2d4", size = 2549058, upload-time = "2026-09-29T08:44:13.449Z" },
    { url = "https://files.pythonhosted.org/packages/5f/c5/8c40308e63c431c6e2212c8504c576ba5217dca925fb1cf0d8a8f686e5de/selectolax-0.4.13-cp314-cp314t-win32.whl", hash = "sha256:baa2e172aeeba1974657ffc928a62c44a661a24e25540e75243049d293032ea0", size = 1963949, upload-time = "2026-09-29T08:44:14.944Z" },
    { url = "https://files.pythonhosted.org/packages/19/0f/eca2132845678338694dd0b596e80cc1437808dd264d6c8c9369aae485b8/selectolax-0.4.13-cp314-cp314t-win_amd64.whl", hash = "sha256:d5f42f266e34fac9688628c9be4d89459ed2a2d3b216a40014f961f8d9da8b30", size = 2085316, upload-time = "2026-09-29T08:44:16.406Z" },
    { url = "https://files.pythonhosted.org/packages/27/71/ed46a0d71215d95364f5b13bb04f97f7432033214b2e8f2978f2c5a1dab6/selectolax-0.4.13-cp314-cp314t-win_arm64.whl", hash = "sha256:f453a5da8babc78d3ade3ee1cebf64fd271a2dac3ab6f09d0f273375754b762d", size = 2052702, upload-time = "2026-09-29T08:44:17.879Z" },
]
